
Microsoft Visual Studio Solution File, Format Version 12.00
# Visual Studio Version 16
VisualStudioVersion = 16.0.31321.278
MinimumVisualStudioVersion = 10.0.40219.1
Project("{FAE04EC0-301F-11D3-BF4B-00C04F79EFBC}") = "TALOccupationFactor", "TALOccupationFactor.csproj", "{61371C9A-FC09-4943-B911-BFE7EFA7FB98}"
EndProject
Project("{FAE04EC0-301F-11D3-BF4B-00C04F79EFBC}") = "TALOccupationFactor.Tests", "..\TALOccupationFactor.Tests\TALOccupationFactor.Tests.csproj", "{47BA5AED-C1C7-4F4B-A3E2-59ACBD2D6E93}"
EndProject
Global
	GlobalSection(SolutionConfigurationPlatforms) = preSolution
		Debug|Any CPU = Debug|Any CPU
		Release|Any CPU = Release|Any CPU
	EndGlobalSection
	GlobalSection(ProjectConfigurationPlatforms) = postSolution
		{61371C9A-FC09-4943-B911-BFE7EFA7FB98}.Debug|Any CPU.ActiveCfg = Debug|Any CPU
		{61371C9A-FC09-4943-B911-BFE7EFA7FB98}.Debug|Any CPU.Build.0 = Debug|Any CPU
		{61371C9A-FC09-4943-B911-BFE7EFA7FB98}.Release|Any CPU.ActiveCfg = Release|Any CPU
		{61371C9A-FC09-4943-B911-BFE7EFA7FB98}.Release|Any CPU.Build.0 = Release|Any CPU
		{47BA5AED-C1C7-4F4B-A3E2-59ACBD2D6E93}.Debug|Any CPU.ActiveCfg = Debug|Any CPU
		{47BA5AED-C1C7-4F4B-A3E2-59ACBD2D6E93}.Debug|Any CPU.Build.0 = Debug|Any CPU
		{47BA5AED-C1C7-4F4B-A3E2-59ACBD2D6E93}.Release|Any CPU.ActiveCfg = Release|Any CPU
		{47BA5AED-C1C7-4F4B-A3E2-59ACBD2D6E93}.Release|Any CPU.Build.0 = Release|Any CPU
	EndGlobalSection
	GlobalSection(SolutionProperties) = preSolution
		HideSolutionNode = FALSE
	EndGlobalSection
	GlobalSection(ExtensibilityGlobals) = postSolution
		SolutionGuid = {A2CC6896-E43F-4BC3-BDAA-1E22AF5DD538}
	EndGlobalSection
EndGlobal
